// !$*UTF8*$!
{
	archiveVersion = 1;
	classes = {
	};
	objectVersion = 51;
	objects = {

/* Begin PBXBuildFile section */
		1B0431B4D8F7BB2916262ACE /* Pods_otoklixSubmition.framework in Frameworks */ = {isa = PBXBuildFile; fileRef = A83E8EF17D1AA5B184F2FF16 /* Pods_otoklixSubmition.framework */; };
		1C3EFDDC69074387249A18CA /* Pods_otoklixSubmition_otoklixSubmitionUITests.framework in Frameworks */ = {isa = PBXBuildFile; fileRef = 8985B9A6A44374A40369FA7C /* Pods_otoklixSubmition_otoklixSubmitionUITests.framework */; };
		9F0771A32792C50A00CC61B1 /* AppDelegate.swift in Sources */ = {isa = PBXBuildFile; fileRef = 9F0771A22792C50A00CC61B1 /* AppDelegate.swift */; };
		9F0771A52792C50A00CC61B1 /* SceneDelegate.swift in Sources */ = {isa = PBXBuildFile; fileRef = 9F0771A42792C50A00CC61B1 /* SceneDelegate.swift */; };
		9F0771A72792C50A00CC61B1 /* ViewController.swift in Sources */ = {isa = PBXBuildFile; fileRef = 9F0771A62792C50A00CC61B1 /* ViewController.swift */; };
		9F0771AA2792C50A00CC61B1 /* Main.storyboard in Resources */ = {isa = PBXBuildFile; fileRef = 9F0771A82792C50A00CC61B1 /* Main.storyboard */; };
		9F0771AC2792C50B00CC61B1 /* Assets.xcassets in Resources */ = {isa = PBXBuildFile; fileRef = 9F0771AB2792C50B00CC61B1 /* Assets.xcassets */; };
		9F0771AF2792C50B00CC61B1 /* LaunchScreen.storyboard in Resources */ = {isa = PBXBuildFile; fileRef = 9F0771AD2792C50B00CC61B1 /* LaunchScreen.storyboard */; };
		9F0771BA2792C50C00CC61B1 /* otoklixSubmitionTests.swift in Sources */ = {isa = PBXBuildFile; fileRef = 9F0771B92792C50C00CC61B1 /* otoklixSubmitionTests.swift */; };
		9F0771C52792C50C00CC61B1 /* otoklixSubmitionUITests.swift in Sources */ = {isa = PBXBuildFile; fileRef = 9F0771C42792C50C00CC61B1 /* otoklixSubmitionUITests.swift */; };
		9FA273D62792CD410004AD29 /* TableView+Extension.swift in Sources */ = {isa = PBXBuildFile; fileRef = 9FA273D52792CD410004AD29 /* TableView+Extension.swift */; };
		9FA273D82792CD810004AD29 /* Data+Extension.swift in Sources */ = {isa = PBXBuildFile; fileRef = 9FA273D72792CD810004AD29 /* Data+Extension.swift */; };
		9FA273DB2792CDCE0004AD29 /* Json.swift in Sources */ = {isa = PBXBuildFile; fileRef = 9FA273DA2792CDCE0004AD29 /* Json.swift */; };
		9FA273DD2792CE060004AD29 /* String+Extension.swift in Sources */ = {isa = PBXBuildFile; fileRef = 9FA273DC2792CE060004AD29 /* String+Extension.swift */; };
		9FA273DF2792CE1E0004AD29 /* Encodable+Extension.swift in Sources */ = {isa = PBXBuildFile; fileRef = 9FA273DE2792CE1E0004AD29 /* Encodable+Extension.swift */; };
		9FA273E12792CE360004AD29 /* Reactive+Extension.swift in Sources */ = {isa = PBXBuildFile; fileRef = 9FA273E02792CE360004AD29 /* Reactive+Extension.swift */; };
		9FA273E42792CE890004AD29 /* EXCoordinator.swift in Sources */ = {isa = PBXBuildFile; fileRef = 9FA273E32792CE890004AD29 /* EXCoordinator.swift */; };
		9FA273E82792CEF20004AD29 /* CoordiantorResult.swift in Sources */ = {isa = PBXBuildFile; fileRef = 9FA273E72792CEF20004AD29 /* CoordiantorResult.swift */; };
		9FA273EB2792CF3C0004AD29 /* EXViewController.swift in Sources */ = {isa = PBXBuildFile; fileRef = 9FA273EA2792CF3C0004AD29 /* EXViewController.swift */; };
		9FA273ED2792CFCD0004AD29 /* EXTableViewCell.swift in Sources */ = {isa = PBXBuildFile; fileRef = 9FA273EC2792CFCD0004AD29 /* EXTableViewCell.swift */; };
		9FA273EF2792D0740004AD29 /* HttpMethod.swift in Sources */ = {isa = PBXBuildFile; fileRef = 9FA273EE2792D0740004AD29 /* HttpMethod.swift */; };
		9FA273F22792D4200004AD29 /* EXViewModel.swift in Sources */ = {isa = PBXBuildFile; fileRef = 9FA273F12792D4200004AD29 /* EXViewModel.swift */; };
		9FA273F62792D5620004AD29 /* AppCoordinator.swift in Sources */ = {isa = PBXBuildFile; fileRef = 9FA273F52792D5620004AD29 /* AppCoordinator.swift */; };
		9FA273F82792D67A0004AD29 /* Containter+Extension.swift in Sources */ = {isa = PBXBuildFile; fileRef = 9FA273F72792D67A0004AD29 /* Containter+Extension.swift */; };
		9FA273FC2792DA610004AD29 /* HomeCoordinator.swift in Sources */ = {isa = PBXBuildFile; fileRef = 9FA273FB2792DA610004AD29 /* HomeCoordinator.swift */; };
		9FA274002792DA860004AD29 /* HomeVC.swift in Sources */ = {isa = PBXBuildFile; fileRef = 9FA273FE2792DA860004AD29 /* HomeVC.swift */; };
		9FA274012792DA860004AD29 /* HomeVC.xib in Resources */ = {isa = PBXBuildFile; fileRef = 9FA273FF2792DA860004AD29 /* HomeVC.xib */; };
		9FA274032792DB370004AD29 /* ViewControllerUtils.swift in Sources */ = {isa = PBXBuildFile; fileRef = 9FA274022792DB370004AD29 /* ViewControllerUtils.swift */; };
		9FA274052792F2D80004AD29 /* list.json in Resources */ = {isa = PBXBuildFile; fileRef = 9FA274042792F2D80004AD29 /* list.json */; };
		9FA274072792F35A0004AD29 /* otoklixListTests.swift in Sources */ = {isa = PBXBuildFile; fileRef = 9FA274062792F35A0004AD29 /* otoklixListTests.swift */; };
		9FA2740B2792F51D0004AD29 /* EXPostModel.swift in Sources */ = {isa = PBXBuildFile; fileRef = 9FA2740A2792F51D0004AD29 /* EXPostModel.swift */; };
		9FA2740D279333620004AD29 /* Collection+Extension.swift in Sources */ = {isa = PBXBuildFile; fileRef = 9FA2740C279333620004AD29 /* Collection+Extension.swift */; };
		9FA2740F2793374A0004AD29 /* Int+Extension.swift in Sources */ = {isa = PBXBuildFile; fileRef = 9FA2740E2793374A0004AD29 /* Int+Extension.swift */; };
		9FA2741227933A290004AD29 /* HttpClient.swift in Sources */ = {isa = PBXBuildFile; fileRef = 9FA2741127933A290004AD29 /* HttpClient.swift */; };
		9FA2741527933C2C0004AD29 /* MockupClient.swift in Sources */ = {isa = PBXBuildFile; fileRef = 9FA2741427933C2C0004AD29 /* MockupClient.swift */; };
		9FA27416279454C40004AD29 /* list.json in Resources */ = {isa = PBXBuildFile; fileRef = 9FA274042792F2D80004AD29 /* list.json */; };
		9FA27419279456130004AD29 /* HomeViewModel.swift in Sources */ = {isa = PBXBuildFile; fileRef = 9FA27418279456130004AD29 /* HomeViewModel.swift */; };
		9FA2741C27945D3D0004AD29 /* PostDao.swift in Sources */ = {isa = PBXBuildFile; fileRef = 9FA2741B27945D3D0004AD29 /* PostDao.swift */; };
		9FA2742027945E550004AD29 /* EXTableView.swift in Sources */ = {isa = PBXBuildFile; fileRef = 9FA2741F27945E550004AD29 /* EXTableView.swift */; };
		9FA2742227945F6C0004AD29 /* BaseSetupVC.swift in Sources */ = {isa = PBXBuildFile; fileRef = 9FA2742127945F6C0004AD29 /* BaseSetupVC.swift */; };
		9FA27426279460440004AD29 /* PostCell.swift in Sources */ = {isa = PBXBuildFile; fileRef = 9FA27424279460440004AD29 /* PostCell.swift */; };
		9FA27427279460440004AD29 /* PostCell.xib in Resources */ = {isa = PBXBuildFile; fileRef = 9FA27425279460440004AD29 /* PostCell.xib */; };
		DCD25685C29A5CB1E7FF2E15 /* Pods_otoklixSubmitionTests.framework in Frameworks */ = {isa = PBXBuildFile; fileRef = 1D4F2F759121CD07349DDEA0 /* Pods_otoklixSubmitionTests.framework */; };
/* End PBXBuildFile section */

/* Begin PBXContainerItemProxy section */
		9F0771B62792C50C00CC61B1 /* PBXContainerItemProxy */ = {
			isa = PBXContainerItemProxy;
			containerPortal = 9F0771972792C50A00CC61B1 /* Project object */;
			proxyType = 1;
			remoteGlobalIDString = 9F07719E2792C50A00CC61B1;
			remoteInfo = otoklixSubmition;
		};
		9F0771C12792C50C00CC61B1 /* PBXContainerItemProxy */ = {
			isa = PBXContainerItemProxy;
			containerPortal = 9F0771972792C50A00CC61B1 /* Project object */;
			proxyType = 1;
			remoteGlobalIDString = 9F07719E2792C50A00CC61B1;
			remoteInfo = otoklixSubmition;
		};
/* End PBXContainerItemProxy section */

/* Begin PBXFileReference section */
		03B53BCA11880B9CAD6C5065 /* Pods-otoklixSubmition.debug.xcconfig */ = {isa = PBXFileReference; includeInIndex = 1; lastKnownFileType = text.xcconfig; name = "Pods-otoklixSubmition.debug.xcconfig"; path = "Target Support Files/Pods-otoklixSubmition/Pods-otoklixSubmition.debug.xcconfig"; sourceTree = "<group>"; };
		08007B0A422497F64367BB84 /* Pods-otoklixSubmitionTests.release.xcconfig */ = {isa = PBXFileReference; includeInIndex = 1; lastKnownFileType = text.xcconfig; name = "Pods-otoklixSubmitionTests.release.xcconfig"; path = "Target Support Files/Pods-otoklixSubmitionTests/Pods-otoklixSubmitionTests.release.xcconfig"; sourceTree = "<group>"; };
		1D4F2F759121CD07349DDEA0 /* Pods_otoklixSubmitionTests.framework */ = {isa = PBXFileReference; explicitFileType = wrapper.framework; includeInIndex = 0; path = Pods_otoklixSubmitionTests.framework; sourceTree = BUILT_PRODUCTS_DIR; };
		6776D2EF04037375CF63327F /* Pods-otoklixSubmition-otoklixSubmitionUITests.release.xcconfig */ = {isa = PBXFileReference; includeInIndex = 1; lastKnownFileType = text.xcconfig; name = "Pods-otoklixSubmition-otoklixSubmitionUITests.release.xcconfig"; path = "Target Support Files/Pods-otoklixSubmition-otoklixSubmitionUITests/Pods-otoklixSubmition-otoklixSubmitionUITests.release.xcconfig"; sourceTree = "<group>"; };
		88859B8BA8503ECB935F156E /* Pods-otoklixSubmition-otoklixSubmitionUITests.debug.xcconfig */ = {isa = PBXFileReference; includeInIndex = 1; lastKnownFileType = text.xcconfig; name = "Pods-otoklixSubmition-otoklixSubmitionUITests.debug.xcconfig"; path = "Target Support Files/Pods-otoklixSubmition-otoklixSubmitionUITests/Pods-otoklixSubmition-otoklixSubmitionUITests.debug.xcconfig"; sourceTree = "<group>"; };
		8985B9A6A44374A40369FA7C /* Pods_otoklixSubmition_otoklixSubmitionUITests.framework */ = {isa = PBXFileReference; explicitFileType = wrapper.framework; includeInIndex = 0; path = Pods_otoklixSubmition_otoklixSubmitionUITests.framework; sourceTree = BUILT_PRODUCTS_DIR; };
		9F07719F2792C50A00CC61B1 /* otoklixSubmition.app */ = {isa = PBXFileReference; explicitFileType = wrapper.application; includeInIndex = 0; path = otoklixSubmition.app; sourceTree = BUILT_PRODUCTS_DIR; };
		9F0771A22792C50A00CC61B1 /* AppDelegate.swift */ = {isa = PBXFileReference; lastKnownFileType = sourcecode.swift; path = AppDelegate.swift; sourceTree = "<group>"; };
		9F0771A42792C50A00CC61B1 /* SceneDelegate.swift */ = {isa = PBXFileReference; lastKnownFileType = sourcecode.swift; path = SceneDelegate.swift; sourceTree = "<group>"; };
		9F0771A62792C50A00CC61B1 /* ViewController.swift */ = {isa = PBXFileReference; lastKnownFileType = sourcecode.swift; path = ViewController.swift; sourceTree = "<group>"; };
		9F0771A92792C50A00CC61B1 /* Base */ = {isa = PBXFileReference; lastKnownFileType = file.storyboard; name = Base; path = Base.lproj/Main.storyboard; sourceTree = "<group>"; };
		9F0771AB2792C50B00CC61B1 /* Assets.xcassets */ = {isa = PBXFileReference; lastKnownFileType = folder.assetcatalog; path = Assets.xcassets; sourceTree = "<group>"; };
		9F0771AE2792C50B00CC61B1 /* Base */ = {isa = PBXFileReference; lastKnownFileType = file.storyboard; name = Base; path = Base.lproj/LaunchScreen.storyboard; sourceTree = "<group>"; };
		9F0771B02792C50B00CC61B1 /* Info.plist */ = {isa = PBXFileReference; lastKnownFileType = text.plist.xml; path = Info.plist; sourceTree = "<group>"; };
		9F0771B52792C50C00CC61B1 /* otoklixSubmitionTests.xctest */ = {isa = PBXFileReference; explicitFileType = wrapper.cfbundle; includeInIndex = 0; path = otoklixSubmitionTests.xctest; sourceTree = BUILT_PRODUCTS_DIR; };
		9F0771B92792C50C00CC61B1 /* otoklixSubmitionTests.swift */ = {isa = PBXFileReference; lastKnownFileType = sourcecode.swift; path = otoklixSubmitionTests.swift; sourceTree = "<group>"; };
		9F0771BB2792C50C00CC61B1 /* Info.plist */ = {isa = PBXFileReference; lastKnownFileType = text.plist.xml; path = Info.plist; sourceTree = "<group>"; };
		9F0771C02792C50C00CC61B1 /* otoklixSubmitionUITests.xctest */ = {isa = PBXFileReference; explicitFileType = wrapper.cfbundle; includeInIndex = 0; path = otoklixSubmitionUITests.xctest; sourceTree = BUILT_PRODUCTS_DIR; };
		9F0771C42792C50C00CC61B1 /* otoklixSubmitionUITests.swift */ = {isa = PBXFileReference; lastKnownFileType = sourcecode.swift; path = otoklixSubmitionUITests.swift; sourceTree = "<group>"; };
		9F0771C62792C50C00CC61B1 /* Info.plist */ = {isa = PBXFileReference; lastKnownFileType = text.plist.xml; path = Info.plist; sourceTree = "<group>"; };
		9FA273D52792CD410004AD29 /* TableView+Extension.swift */ = {isa = PBXFileReference; lastKnownFileType = sourcecode.swift; path = "TableView+Extension.swift"; sourceTree = "<group>"; };
		9FA273D72792CD810004AD29 /* Data+Extension.swift */ = {isa = PBXFileReference; lastKnownFileType = sourcecode.swift; path = "Data+Extension.swift"; sourceTree = "<group>"; };
		9FA273DA2792CDCE0004AD29 /* Json.swift */ = {isa = PBXFileReference; lastKnownFileType = sourcecode.swift; path = Json.swift; sourceTree = "<group>"; };
		9FA273DC2792CE060004AD29 /* String+Extension.swift */ = {isa = PBXFileReference; lastKnownFileType = sourcecode.swift; path = "String+Extension.swift"; sourceTree = "<group>"; };
		9FA273DE2792CE1E0004AD29 /* Encodable+Extension.swift */ = {isa = PBXFileReference; lastKnownFileType = sourcecode.swift; path = "Encodable+Extension.swift"; sourceTree = "<group>"; };
		9FA273E02792CE360004AD29 /* Reactive+Extension.swift */ = {isa = PBXFileReference; lastKnownFileType = sourcecode.swift; path = "Reactive+Extension.swift"; sourceTree = "<group>"; };
		9FA273E32792CE890004AD29 /* EXCoordinator.swift */ = {isa = PBXFileReference; lastKnownFileType = sourcecode.swift; path = EXCoordinator.swift; sourceTree = "<group>"; };
		9FA273E72792CEF20004AD29 /* CoordiantorResult.swift */ = {isa = PBXFileReference; lastKnownFileType = sourcecode.swift; path = CoordiantorResult.swift; sourceTree = "<group>"; };
		9FA273EA2792CF3C0004AD29 /* EXViewController.swift */ = {isa = PBXFileReference; lastKnownFileType = sourcecode.swift; path = EXViewController.swift; sourceTree = "<group>"; };
		9FA273EC2792CFCD0004AD29 /* EXTableViewCell.swift */ = {isa = PBXFileReference; lastKnownFileType = sourcecode.swift; path = EXTableViewCell.swift; sourceTree = "<group>"; };
		9FA273EE2792D0740004AD29 /* HttpMethod.swift */ = {isa = PBXFileReference; lastKnownFileType = sourcecode.swift; path = HttpMethod.swift; sourceTree = "<group>"; };
		9FA273F12792D4200004AD29 /* EXViewModel.swift */ = {isa = PBXFileReference; lastKnownFileType = sourcecode.swift; path = EXViewModel.swift; sourceTree = "<group>"; };
		9FA273F52792D5620004AD29 /* AppCoordinator.swift */ = {isa = PBXFileReference; lastKnownFileType = sourcecode.swift; path = AppCoordinator.swift; sourceTree = "<group>"; };
		9FA273F72792D67A0004AD29 /* Containter+Extension.swift */ = {isa = PBXFileReference; lastKnownFileType = sourcecode.swift; path = "Containter+Extension.swift"; sourceTree = "<group>"; };
		9FA273FB2792DA610004AD29 /* HomeCoordinator.swift */ = {isa = PBXFileReference; lastKnownFileType = sourcecode.swift; path = HomeCoordinator.swift; sourceTree = "<group>"; };
		9FA273FE2792DA860004AD29 /* HomeVC.swift */ = {isa = PBXFileReference; lastKnownFileType = sourcecode.swift; path = HomeVC.swift; sourceTree = "<group>"; };
		9FA273FF2792DA860004AD29 /* HomeVC.xib */ = {isa = PBXFileReference; lastKnownFileType = file.xib; path = HomeVC.xib; sourceTree = "<group>"; };
		9FA274022792DB370004AD29 /* ViewControllerUtils.swift */ = {isa = PBXFileReference; lastKnownFileType = sourcecode.swift; path = ViewControllerUtils.swift; sourceTree = "<group>"; };
		9FA274042792F2D80004AD29 /* list.json */ = {isa = PBXFileReference; lastKnownFileType = text.json; path = list.json; sourceTree = "<group>"; };
		9FA274062792F35A0004AD29 /* otoklixListTests.swift */ = {isa = PBXFileReference; lastKnownFileType = sourcecode.swift; path = otoklixListTests.swift; sourceTree = "<group>"; };
		9FA2740A2792F51D0004AD29 /* EXPostModel.swift */ = {isa = PBXFileReference; lastKnownFileType = sourcecode.swift; path = EXPostModel.swift; sourceTree = "<group>"; };
		9FA2740C279333620004AD29 /* Collection+Extension.swift */ = {isa = PBXFileReference; lastKnownFileType = sourcecode.swift; path = "Collection+Extension.swift"; sourceTree = "<group>"; };
		9FA2740E2793374A0004AD29 /* Int+Extension.swift */ = {isa = PBXFileReference; lastKnownFileType = sourcecode.swift; path = "Int+Extension.swift"; sourceTree = "<group>"; };
		9FA2741127933A290004AD29 /* HttpClient.swift */ = {isa = PBXFileReference; lastKnownFileType = sourcecode.swift; path = HttpClient.swift; sourceTree = "<group>"; };
		9FA2741427933C2C0004AD29 /* MockupClient.swift */ = {isa = PBXFileReference; lastKnownFileType = sourcecode.swift; path = MockupClient.swift; sourceTree = "<group>"; };
		9FA27418279456130004AD29 /* HomeViewModel.swift */ = {isa = PBXFileReference; lastKnownFileType = sourcecode.swift; path = HomeViewModel.swift; sourceTree = "<group>"; };
		9FA2741B27945D3D0004AD29 /* PostDao.swift */ = {isa = PBXFileReference; lastKnownFileType = sourcecode.swift; path = PostDao.swift; sourceTree = "<group>"; };
		9FA2741F27945E550004AD29 /* EXTableView.swift */ = {isa = PBXFileReference; lastKnownFileType = sourcecode.swift; path = EXTableView.swift; sourceTree = "<group>"; };
		9FA2742127945F6C0004AD29 /* BaseSetupVC.swift */ = {isa = PBXFileReference; lastKnownFileType = sourcecode.swift; path = BaseSetupVC.swift; sourceTree = "<group>"; };
		9FA27424279460440004AD29 /* PostCell.swift */ = {isa = PBXFileReference; lastKnownFileType = sourcecode.swift; path = PostCell.swift; sourceTree = "<group>"; };
		9FA27425279460440004AD29 /* PostCell.xib */ = {isa = PBXFileReference; lastKnownFileType = file.xib; path = PostCell.xib; sourceTree = "<group>"; };
		A83E8EF17D1AA5B184F2FF16 /* Pods_otoklixSubmition.framework */ = {isa = PBXFileReference; explicitFileType = wrapper.framework; includeInIndex = 0; path = Pods_otoklixSubmition.framework; sourceTree = BUILT_PRODUCTS_DIR; };
		BAFCD7D976E4FCD0434F44D5 /* Pods-otoklixSubmitionTests.debug.xcconfig */ = {isa = PBXFileReference; includeInIndex = 1; lastKnownFileType = text.xcconfig; name = "Pods-otoklixSubmitionTests.debug.xcconfig"; path = "Target Support Files/Pods-otoklixSubmitionTests/Pods-otoklixSubmitionTests.debug.xcconfig"; sourceTree = "<group>"; };
		C3ED351C4EEF27B22C161B58 /* Pods-otoklixSubmition.release.xcconfig */ = {isa = PBXFileReference; includeInIndex = 1; lastKnownFileType = text.xcconfig; name = "Pods-otoklixSubmition.release.xcconfig"; path = "Target Support Files/Pods-otoklixSubmition/Pods-otoklixSubmition.release.xcconfig"; sourceTree = "<group>"; };
/* End PBXFileReference section */

/* Begin PBXFrameworksBuildPhase section */
		9F07719C2792C50A00CC61B1 /* Frameworks */ = {
			isa = PBXFrameworksBuildPhase;
			buildActionMask = 2147483647;
			files = (
				1B0431B4D8F7BB2916262ACE /* Pods_otoklixSubmition.framework in Frameworks */,
			);
			runOnlyForDeploymentPostprocessing = 0;
		};
		9F0771B22792C50C00CC61B1 /* Frameworks */ = {
			isa = PBXFrameworksBuildPhase;
			buildActionMask = 2147483647;
			files = (
				DCD25685C29A5CB1E7FF2E15 /* Pods_otoklixSubmitionTests.framework in Frameworks */,
			);
			runOnlyForDeploymentPostprocessing = 0;
		};
		9F0771BD2792C50C00CC61B1 /* Frameworks */ = {
			isa = PBXFrameworksBuildPhase;
			buildActionMask = 2147483647;
			files = (
				1C3EFDDC69074387249A18CA /* Pods_otoklixSubmition_otoklixSubmitionUITests.framework in Frameworks */,
			);
			runOnlyForDeploymentPostprocessing = 0;
		};
/* End PBXFrameworksBuildPhase section */

/* Begin PBXGroup section */
		6FE54B43AF3FF8DEB8808574 /* Frameworks */ = {
			isa = PBXGroup;
			children = (
				A83E8EF17D1AA5B184F2FF16 /* Pods_otoklixSubmition.framework */,
				8985B9A6A44374A40369FA7C /* Pods_otoklixSubmition_otoklixSubmitionUITests.framework */,
				1D4F2F759121CD07349DDEA0 /* Pods_otoklixSubmitionTests.framework */,
			);
			name = Frameworks;
			sourceTree = "<group>";
		};
		9F0771962792C50900CC61B1 = {
			isa = PBXGroup;
			children = (
				9FA273D32792CC9F0004AD29 /* Core */,
				9F0771A12792C50A00CC61B1 /* otoklixSubmition */,
				9F0771B82792C50C00CC61B1 /* otoklixSubmitionTests */,
				9F0771C32792C50C00CC61B1 /* otoklixSubmitionUITests */,
				9F0771A02792C50A00CC61B1 /* Products */,
				D9954434CF95CFAFD67BFF7B /* Pods */,
				6FE54B43AF3FF8DEB8808574 /* Frameworks */,
			);
			sourceTree = "<group>";
		};
		9F0771A02792C50A00CC61B1 /* Products */ = {
			isa = PBXGroup;
			children = (
				9F07719F2792C50A00CC61B1 /* otoklixSubmition.app */,
				9F0771B52792C50C00CC61B1 /* otoklixSubmitionTests.xctest */,
				9F0771C02792C50C00CC61B1 /* otoklixSubmitionUITests.xctest */,
			);
			name = Products;
			sourceTree = "<group>";
		};
		9F0771A12792C50A00CC61B1 /* otoklixSubmition */ = {
			isa = PBXGroup;
			children = (
				9FA273F92792D97E0004AD29 /* Home */,
				9FA273F32792D5340004AD29 /* Application */,
				9F0771A22792C50A00CC61B1 /* AppDelegate.swift */,
				9F0771A42792C50A00CC61B1 /* SceneDelegate.swift */,
				9F0771A62792C50A00CC61B1 /* ViewController.swift */,
				9F0771A82792C50A00CC61B1 /* Main.storyboard */,
				9F0771AB2792C50B00CC61B1 /* Assets.xcassets */,
				9F0771AD2792C50B00CC61B1 /* LaunchScreen.storyboard */,
				9F0771B02792C50B00CC61B1 /* Info.plist */,
			);
			path = otoklixSubmition;
			sourceTree = "<group>";
		};
		9F0771B82792C50C00CC61B1 /* otoklixSubmitionTests */ = {
			isa = PBXGroup;
			children = (
				9F0771B92792C50C00CC61B1 /* otoklixSubmitionTests.swift */,
				9FA274062792F35A0004AD29 /* otoklixListTests.swift */,
				9F0771BB2792C50C00CC61B1 /* Info.plist */,
				9FA274042792F2D80004AD29 /* list.json */,
			);
			path = otoklixSubmitionTests;
			sourceTree = "<group>";
		};
		9F0771C32792C50C00CC61B1 /* otoklixSubmitionUITests */ = {
			isa = PBXGroup;
			children = (
				9F0771C42792C50C00CC61B1 /* otoklixSubmitionUITests.swift */,
				9F0771C62792C50C00CC61B1 /* Info.plist */,
			);
			path = otoklixSubmitionUITests;
			sourceTree = "<group>";
		};
		9FA273D32792CC9F0004AD29 /* Core */ = {
			isa = PBXGroup;
			children = (
				9FA2741D27945E340004AD29 /* Component */,
				9FA274102793388F0004AD29 /* Network */,
				9FA274082792F4530004AD29 /* Resource */,
				9FA273E22792CE760004AD29 /* Base */,
				9FA273D92792CDBE0004AD29 /* Utils */,
				9FA273D42792CD320004AD29 /* Extension */,
			);
			path = Core;
			sourceTree = "<group>";
		};
		9FA273D42792CD320004AD29 /* Extension */ = {
			isa = PBXGroup;
			children = (
				9FA273D52792CD410004AD29 /* TableView+Extension.swift */,
				9FA273D72792CD810004AD29 /* Data+Extension.swift */,
				9FA273DC2792CE060004AD29 /* String+Extension.swift */,
				9FA273DE2792CE1E0004AD29 /* Encodable+Extension.swift */,
				9FA273E02792CE360004AD29 /* Reactive+Extension.swift */,
				9FA273F72792D67A0004AD29 /* Containter+Extension.swift */,
				9FA2740C279333620004AD29 /* Collection+Extension.swift */,
				9FA2740E2793374A0004AD29 /* Int+Extension.swift */,
			);
			path = Extension;
			sourceTree = "<group>";
		};
		9FA273D92792CDBE0004AD29 /* Utils */ = {
			isa = PBXGroup;
			children = (
				9FA273DA2792CDCE0004AD29 /* Json.swift */,
				9FA274022792DB370004AD29 /* ViewControllerUtils.swift */,
			);
			path = Utils;
			sourceTree = "<group>";
		};
		9FA273E22792CE760004AD29 /* Base */ = {
			isa = PBXGroup;
			children = (
				9FA273F02792D4000004AD29 /* ViewModel */,
				9FA273E92792CF2C0004AD29 /* View */,
				9FA273E62792CED50004AD29 /* Model */,
				9FA273E52792CECA0004AD29 /* Coordinator */,
			);
			path = Base;
			sourceTree = "<group>";
		};
		9FA273E52792CECA0004AD29 /* Coordinator */ = {
			isa = PBXGroup;
			children = (
				9FA273E32792CE890004AD29 /* EXCoordinator.swift */,
			);
			path = Coordinator;
			sourceTree = "<group>";
		};
		9FA273E62792CED50004AD29 /* Model */ = {
			isa = PBXGroup;
			children = (
				9FA273E72792CEF20004AD29 /* CoordiantorResult.swift */,
				9FA273EE2792D0740004AD29 /* HttpMethod.swift */,
			);
			path = Model;
			sourceTree = "<group>";
		};
		9FA273E92792CF2C0004AD29 /* View */ = {
			isa = PBXGroup;
			children = (
				9FA273EA2792CF3C0004AD29 /* EXViewController.swift */,
				9FA273EC2792CFCD0004AD29 /* EXTableViewCell.swift */,
				9FA2742127945F6C0004AD29 /* BaseSetupVC.swift */,
			);
			path = View;
			sourceTree = "<group>";
		};
		9FA273F02792D4000004AD29 /* ViewModel */ = {
			isa = PBXGroup;
			children = (
				9FA273F12792D4200004AD29 /* EXViewModel.swift */,
			);
			path = ViewModel;
			sourceTree = "<group>";
		};
		9FA273F32792D5340004AD29 /* Application */ = {
			isa = PBXGroup;
			children = (
				9FA273F42792D54D0004AD29 /* Coordinator */,
			);
			path = Application;
			sourceTree = "<group>";
		};
		9FA273F42792D54D0004AD29 /* Coordinator */ = {
			isa = PBXGroup;
			children = (
				9FA273F52792D5620004AD29 /* AppCoordinator.swift */,
			);
			path = Coordinator;
			sourceTree = "<group>";
		};
		9FA273F92792D97E0004AD29 /* Home */ = {
			isa = PBXGroup;
			children = (
				9FA2741A27945D280004AD29 /* Model */,
				9FA27417279455EF0004AD29 /* ViewModel */,
				9FA273FD2792DA690004AD29 /* View */,
				9FA273FA2792DA530004AD29 /* Coordinator */,
			);
			path = Home;
			sourceTree = "<group>";
		};
		9FA273FA2792DA530004AD29 /* Coordinator */ = {
			isa = PBXGroup;
			children = (
				9FA273FB2792DA610004AD29 /* HomeCoordinator.swift */,
			);
			path = Coordinator;
			sourceTree = "<group>";
		};
		9FA273FD2792DA690004AD29 /* View */ = {
			isa = PBXGroup;
			children = (
				9FA27423279460230004AD29 /* Cell */,
				9FA273FE2792DA860004AD29 /* HomeVC.swift */,
				9FA273FF2792DA860004AD29 /* HomeVC.xib */,
			);
			path = View;
			sourceTree = "<group>";
		};
		9FA274082792F4530004AD29 /* Resource */ = {
			isa = PBXGroup;
			children = (
				9FA274092792F45E0004AD29 /* Model */,
			);
			path = Resource;
			sourceTree = "<group>";
		};
		9FA274092792F45E0004AD29 /* Model */ = {
			isa = PBXGroup;
			children = (
				9FA2740A2792F51D0004AD29 /* EXPostModel.swift */,
			);
			path = Model;
			sourceTree = "<group>";
		};
		9FA274102793388F0004AD29 /* Network */ = {
			isa = PBXGroup;
			children = (
				9FA2741127933A290004AD29 /* HttpClient.swift */,
				9FA2741427933C2C0004AD29 /* MockupClient.swift */,
			);
			path = Network;
			sourceTree = "<group>";
		};
		9FA27417279455EF0004AD29 /* ViewModel */ = {
			isa = PBXGroup;
			children = (
				9FA27418279456130004AD29 /* HomeViewModel.swift */,
			);
			path = ViewModel;
			sourceTree = "<group>";
		};
		9FA2741A27945D280004AD29 /* Model */ = {
			isa = PBXGroup;
			children = (
				9FA2741B27945D3D0004AD29 /* PostDao.swift */,
			);
			path = Model;
			sourceTree = "<group>";
		};
		9FA2741D27945E340004AD29 /* Component */ = {
			isa = PBXGroup;
			children = (
				9FA2741E27945E3B0004AD29 /* Table */,
			);
			path = Component;
			sourceTree = "<group>";
		};
		9FA2741E27945E3B0004AD29 /* Table */ = {
			isa = PBXGroup;
			children = (
				9FA2741F27945E550004AD29 /* EXTableView.swift */,
			);
			path = Table;
			sourceTree = "<group>";
		};
		9FA27423279460230004AD29 /* Cell */ = {
			isa = PBXGroup;
			children = (
				9FA27424279460440004AD29 /* PostCell.swift */,
				9FA27425279460440004AD29 /* PostCell.xib */,
			);
			path = Cell;
			sourceTree = "<group>";
		};
		D9954434CF95CFAFD67BFF7B /* Pods */ = {
			isa = PBXGroup;
			children = (
				03B53BCA11880B9CAD6C5065 /* Pods-otoklixSubmition.debug.xcconfig */,
				C3ED351C4EEF27B22C161B58 /* Pods-otoklixSubmition.release.xcconfig */,
				88859B8BA8503ECB935F156E /* Pods-otoklixSubmition-otoklixSubmitionUITests.debug.xcconfig */,
				6776D2EF04037375CF63327F /* Pods-otoklixSubmition-otoklixSubmitionUITests.release.xcconfig */,
				BAFCD7D976E4FCD0434F44D5 /* Pods-otoklixSubmitionTests.debug.xcconfig */,
				08007B0A422497F64367BB84 /* Pods-otoklixSubmitionTests.release.xcconfig */,
			);
			path = Pods;
			sourceTree = "<group>";
		};
/* End PBXGroup section */

/* Begin PBXNativeTarget section */
		9F07719E2792C50A00CC61B1 /* otoklixSubmition */ = {
			isa = PBXNativeTarget;
			buildConfigurationList = 9F0771C92792C50C00CC61B1 /* Build configuration list for PBXNativeTarget "otoklixSubmition" */;
			buildPhases = (
				152669D84D064F69AC3641BB /* [CP] Check Pods Manifest.lock */,
				9F07719B2792C50A00CC61B1 /* Sources */,
				9F07719C2792C50A00CC61B1 /* Frameworks */,
				9F07719D2792C50A00CC61B1 /* Resources */,
				754A3E9B08C0AED60E973021 /* [CP] Embed Pods Frameworks */,
			);
			buildRules = (
			);
			dependencies = (
			);
			name = otoklixSubmition;
			productName = otoklixSubmition;
			productReference = 9F07719F2792C50A00CC61B1 /* otoklixSubmition.app */;
			productType = "com.apple.product-type.application";
		};
		9F0771B42792C50C00CC61B1 /* otoklixSubmitionTests */ = {
			isa = PBXNativeTarget;
			buildConfigurationList = 9F0771CC2792C50C00CC61B1 /* Build configuration list for PBXNativeTarget "otoklixSubmitionTests" */;
			buildPhases = (
				6F7A9C859E95778C11CF32A7 /* [CP] Check Pods Manifest.lock */,
				9F0771B12792C50C00CC61B1 /* Sources */,
				9F0771B22792C50C00CC61B1 /* Frameworks */,
				9F0771B32792C50C00CC61B1 /* Resources */,
			);
			buildRules = (
			);
			dependencies = (
				9F0771B72792C50C00CC61B1 /* PBXTargetDependency */,
			);
			name = otoklixSubmitionTests;
			productName = otoklixSubmitionTests;
			productReference = 9F0771B52792C50C00CC61B1 /* otoklixSubmitionTests.xctest */;
			productType = "com.apple.product-type.bundle.unit-test";
		};
		9F0771BF2792C50C00CC61B1 /* otoklixSubmitionUITests */ = {
			isa = PBXNativeTarget;
			buildConfigurationList = 9F0771CF2792C50C00CC61B1 /* Build configuration list for PBXNativeTarget "otoklixSubmitionUITests" */;
			buildPhases = (
				89A92EDE8ED81839D8EFCE10 /* [CP] Check Pods Manifest.lock */,
				9F0771BC2792C50C00CC61B1 /* Sources */,
				9F0771BD2792C50C00CC61B1 /* Frameworks */,
				9F0771BE2792C50C00CC61B1 /* Resources */,
				5BF93F2AE9C93B8CBC000B8B /* [CP] Embed Pods Frameworks */,
			);
			buildRules = (
			);
			dependencies = (
				9F0771C22792C50C00CC61B1 /* PBXTargetDependency */,
			);
			name = otoklixSubmitionUITests;
			productName = otoklixSubmitionUITests;
			productReference = 9F0771C02792C50C00CC61B1 /* otoklixSubmitionUITests.xctest */;
			productType = "com.apple.product-type.bundle.ui-testing";
		};
/* End PBXNativeTarget section */

/* Begin PBXProject section */
		9F0771972792C50A00CC61B1 /* Project object */ = {
			isa = PBXProject;
			attributes = {
				LastSwiftUpdateCheck = 1250;
				LastUpgradeCheck = 1250;
				TargetAttributes = {
					9F07719E2792C50A00CC61B1 = {
						CreatedOnToolsVersion = 12.5.1;
					};
					9F0771B42792C50C00CC61B1 = {
						CreatedOnToolsVersion = 12.5.1;
						TestTargetID = 9F07719E2792C50A00CC61B1;
					};
					9F0771BF2792C50C00CC61B1 = {
						CreatedOnToolsVersion = 12.5.1;
						TestTargetID = 9F07719E2792C50A00CC61B1;
					};
				};
			};
			buildConfigurationList = 9F07719A2792C50A00CC61B1 /* Build configuration list for PBXProject "otoklixSubmition" */;
			compatibilityVersion = "Xcode 9.3";
			developmentRegion = en;
			hasScannedForEncodings = 0;
			knownRegions = (
				en,
				Base,
			);
			mainGroup = 9F0771962792C50900CC61B1;
			productRefGroup = 9F0771A02792C50A00CC61B1 /* Products */;
			projectDirPath = "";
			projectRoot = "";
			targets = (
				9F07719E2792C50A00CC61B1 /* otoklixSubmition */,
				9F0771B42792C50C00CC61B1 /* otoklixSubmitionTests */,
				9F0771BF2792C50C00CC61B1 /* otoklixSubmitionUITests */,
			);
		};
/* End PBXProject section */

/* Begin PBXResourcesBuildPhase section */
		9F07719D2792C50A00CC61B1 /* Resources */ = {
			isa = PBXResourcesBuildPhase;
			buildActionMask = 2147483647;
			files = (
				9F0771AF2792C50B00CC61B1 /* LaunchScreen.storyboard in Resources */,
				9FA27427279460440004AD29 /* PostCell.xib in Resources */,
				9FA274012792DA860004AD29 /* HomeVC.xib in Resources */,
				9F0771AC2792C50B00CC61B1 /* Assets.xcassets in Resources */,
				9FA27416279454C40004AD29 /* list.json in Resources */,
				9F0771AA2792C50A00CC61B1 /* Main.storyboard in Resources */,
			);
			runOnlyForDeploymentPostprocessing = 0;
		};
		9F0771B32792C50C00CC61B1 /* Resources */ = {
			isa = PBXResourcesBuildPhase;
			buildActionMask = 2147483647;
			files = (
				9FA274052792F2D80004AD29 /* list.json in Resources */,
			);
			runOnlyForDeploymentPostprocessing = 0;
		};
		9F0771BE2792C50C00CC61B1 /* Resources */ = {
			isa = PBXResourcesBuildPhase;
			buildActionMask = 2147483647;
			files = (
			);
			runOnlyForDeploymentPostprocessing = 0;
		};
/* End PBXResourcesBuildPhase section */

/* Begin PBXShellScriptBuildPhase section */
		152669D84D064F69AC3641BB /* [CP] Check Pods Manifest.lock */ = {
			isa = PBXShellScriptBuildPhase;
			buildActionMask = 2147483647;
			files = (
			);
			inputFileListPaths = (
			);
			inputPaths = (
				"${PODS_PODFILE_DIR_PATH}/Podfile.lock",
				"${PODS_ROOT}/Manifest.lock",
			);
			name = "[CP] Check Pods Manifest.lock";
			outputFileListPaths = (
			);
			outputPaths = (
				"$(DERIVED_FILE_DIR)/Pods-otoklixSubmition-checkManifestLockResult.txt",
			);
			runOnlyForDeploymentPostprocessing = 0;
			shellPath = /bin/sh;
			shellScript = "diff \"${PODS_PODFILE_DIR_PATH}/Podfile.lock\" \"${PODS_ROOT}/Manifest.lock\" > /dev/null\nif [ $? != 0 ] ; then\n    # print error to STDERR\n    echo \"error: The sandbox is not in sync with the Podfile.lock. Run 'pod install' or update your CocoaPods installation.\" >&2\n    exit 1\nfi\n# This output is used by Xcode 'outputs' to avoid re-running this script phase.\necho \"SUCCESS\" > \"${SCRIPT_OUTPUT_FILE_0}\"\n";
			showEnvVarsInLog = 0;
		};
		5BF93F2AE9C93B8CBC000B8B /* [CP] Embed Pods Frameworks */ = {
			isa = PBXShellScriptBuildPhase;
			buildActionMask = 2147483647;
			files = (
			);
			inputFileListPaths = (
				"${PODS_ROOT}/Target Support Files/Pods-otoklixSubmition-otoklixSubmitionUITests/Pods-otoklixSubmition-otoklixSubmitionUITests-frameworks-${CONFIGURATION}-input-files.xcfilelist",
			);
			name = "[CP] Embed Pods Frameworks";
			outputFileListPaths = (
				"${PODS_ROOT}/Target Support Files/Pods-otoklixSubmition-otoklixSubmitionUITests/Pods-otoklixSubmition-otoklixSubmitionUITests-frameworks-${CONFIGURATION}-output-files.xcfilelist",
			);
			runOnlyForDeploymentPostprocessing = 0;
			shellPath = /bin/sh;
			shellScript = "\"${PODS_ROOT}/Target Support Files/Pods-otoklixSubmition-otoklixSubmitionUITests/Pods-otoklixSubmition-otoklixSubmitionUITests-frameworks.sh\"\n";
			showEnvVarsInLog = 0;
		};
		6F7A9C859E95778C11CF32A7 /* [CP] Check Pods Manifest.lock */ = {
			isa = PBXShellScriptBuildPhase;
			buildActionMask = 2147483647;
			files = (
			);
			inputFileListPaths = (
			);
			inputPaths = (
				"${PODS_PODFILE_DIR_PATH}/Podfile.lock",
				"${PODS_ROOT}/Manifest.lock",
			);
			name = "[CP] Check Pods Manifest.lock";
			outputFileListPaths = (
			);
			outputPaths = (
				"$(DERIVED_FILE_DIR)/Pods-otoklixSubmitionTests-checkManifestLockResult.txt",
			);
			runOnlyForDeploymentPostprocessing = 0;
			shellPath = /bin/sh;
			shellScript = "diff \"${PODS_PODFILE_DIR_PATH}/Podfile.lock\" \"${PODS_ROOT}/Manifest.lock\" > /dev/null\nif [ $? != 0 ] ; then\n    # print error to STDERR\n    echo \"error: The sandbox is not in sync with the Podfile.lock. Run 'pod install' or update your CocoaPods installation.\" >&2\n    exit 1\nfi\n# This output is used by Xcode 'outputs' to avoid re-running this script phase.\necho \"SUCCESS\" > \"${SCRIPT_OUTPUT_FILE_0}\"\n";
			showEnvVarsInLog = 0;
		};
		754A3E9B08C0AED60E973021 /* [CP] Embed Pods Frameworks */ = {
			isa = PBXShellScriptBuildPhase;
			buildActionMask = 2147483647;
			files = (
			);
			inputFileListPaths = (
				"${PODS_ROOT}/Target Support Files/Pods-otoklixSubmition/Pods-otoklixSubmition-frameworks-${CONFIGURATION}-input-files.xcfilelist",
			);
			name = "[CP] Embed Pods Frameworks";
			outputFileListPaths = (
				"${PODS_ROOT}/Target Support Files/Pods-otoklixSubmition/Pods-otoklixSubmition-frameworks-${CONFIGURATION}-output-files.xcfilelist",
			);
			runOnlyForDeploymentPostprocessing = 0;
			shellPath = /bin/sh;
			shellScript = "\"${PODS_ROOT}/Target Support Files/Pods-otoklixSubmition/Pods-otoklixSubmition-frameworks.sh\"\n";
			showEnvVarsInLog = 0;
		};
		89A92EDE8ED81839D8EFCE10 /* [CP] Check Pods Manifest.lock */ = {
			isa = PBXShellScriptBuildPhase;
			buildActionMask = 2147483647;
			files = (
			);
			inputFileListPaths = (
			);
			inputPaths = (
				"${PODS_PODFILE_DIR_PATH}/Podfile.lock",
				"${PODS_ROOT}/Manifest.lock",
			);
			name = "[CP] Check Pods Manifest.lock";
			outputFileListPaths = (
			);
			outputPaths = (
				"$(DERIVED_FILE_DIR)/Pods-otoklixSubmition-otoklixSubmitionUITests-checkManifestLockResult.txt",
			);
			runOnlyForDeploymentPostprocessing = 0;
			shellPath = /bin/sh;
			shellScript = "diff \"${PODS_PODFILE_DIR_PATH}/Podfile.lock\" \"${PODS_ROOT}/Manifest.lock\" > /dev/null\nif [ $? != 0 ] ; then\n    # print error to STDERR\n    echo \"error: The sandbox is not in sync with the Podfile.lock. Run 'pod install' or update your CocoaPods installation.\" >&2\n    exit 1\nfi\n# This output is used by Xcode 'outputs' to avoid re-running this script phase.\necho \"SUCCESS\" > \"${SCRIPT_OUTPUT_FILE_0}\"\n";
			showEnvVarsInLog = 0;
		};
/* End PBXShellScriptBuildPhase section */

/* Begin PBXSourcesBuildPhase section */
		9F07719B2792C50A00CC61B1 /* Sources */ = {
			isa = PBXSourcesBuildPhase;
			buildActionMask = 2147483647;
			files = (
				9F0771A72792C50A00CC61B1 /* ViewController.swift in Sources */,
				9FA2741527933C2C0004AD29 /* MockupClient.swift in Sources */,
				9FA273DF2792CE1E0004AD29 /* Encodable+Extension.swift in Sources */,
				9FA2741C27945D3D0004AD29 /* PostDao.swift in Sources */,
				9FA273DD2792CE060004AD29 /* String+Extension.swift in Sources */,
				9F0771A32792C50A00CC61B1 /* AppDelegate.swift in Sources */,
				9FA2742227945F6C0004AD29 /* BaseSetupVC.swift in Sources */,
				9FA273F62792D5620004AD29 /* AppCoordinator.swift in Sources */,
				9FA2740B2792F51D0004AD29 /* EXPostModel.swift in Sources */,
				9FA2742027945E550004AD29 /* EXTableView.swift in Sources */,
				9FA274032792DB370004AD29 /* ViewControllerUtils.swift in Sources */,
				9FA273E12792CE360004AD29 /* Reactive+Extension.swift in Sources */,
				9FA273D82792CD810004AD29 /* Data+Extension.swift in Sources */,
				9FA273ED2792CFCD0004AD29 /* EXTableViewCell.swift in Sources */,
				9FA2741227933A290004AD29 /* HttpClient.swift in Sources */,
				9FA273DB2792CDCE0004AD29 /* Json.swift in Sources */,
				9FA2740D279333620004AD29 /* Collection+Extension.swift in Sources */,
				9FA273E42792CE890004AD29 /* EXCoordinator.swift in Sources */,
				9F0771A52792C50A00CC61B1 /* SceneDelegate.swift in Sources */,
				9FA273FC2792DA610004AD29 /* HomeCoordinator.swift in Sources */,
				9FA273EF2792D0740004AD29 /* HttpMethod.swift in Sources */,
				9FA273EB2792CF3C0004AD29 /* EXViewController.swift in Sources */,
				9FA2740F2793374A0004AD29 /* Int+Extension.swift in Sources */,
				9FA273D62792CD410004AD29 /* TableView+Extension.swift in Sources */,
				9FA27419279456130004AD29 /* HomeViewModel.swift in Sources */,
				9FA273F22792D4200004AD29 /* EXViewModel.swift in Sources */,
				9FA273E82792CEF20004AD29 /* CoordiantorResult.swift in Sources */,
				9FA274002792DA860004AD29 /* HomeVC.swift in Sources */,
				9FA273F82792D67A0004AD29 /* Containter+Extension.swift in Sources */,
				9FA27426279460440004AD29 /* PostCell.swift in Sources */,
			);
			runOnlyForDeploymentPostprocessing = 0;
		};
		9F0771B12792C50C00CC61B1 /* Sources */ = {
			isa = PBXSourcesBuildPhase;
			buildActionMask = 2147483647;
			files = (
				9FA274072792F35A0004AD29 /* otoklixListTests.swift in Sources */,
				9F0771BA2792C50C00CC61B1 /* otoklixSubmitionTests.swift in Sources */,
			);
			runOnlyForDeploymentPostprocessing = 0;
		};
		9F0771BC2792C50C00CC61B1 /* Sources */ = {
			isa = PBXSourcesBuildPhase;
			buildActionMask = 2147483647;
			files = (
				9F0771C52792C50C00CC61B1 /* otoklixSubmitionUITests.swift in Sources */,
			);
			runOnlyForDeploymentPostprocessing = 0;
		};
/* End PBXSourcesBuildPhase section */

/* Begin PBXTargetDependency section */
		9F0771B72792C50C00CC61B1 /* PBXTargetDependency */ = {
			isa = PBXTargetDependency;
			target = 9F07719E2792C50A00CC61B1 /* otoklixSubmition */;
			targetProxy = 9F0771B62792C50C00CC61B1 /* PBXContainerItemProxy */;
		};
		9F0771C22792C50C00CC61B1 /* PBXTargetDependency */ = {
			isa = PBXTargetDependency;
			target = 9F07719E2792C50A00CC61B1 /* otoklixSubmition */;
			targetProxy = 9F0771C12792C50C00CC61B1 /* PBXContainerItemProxy */;
		};
/* End PBXTargetDependency section */

/* Begin PBXVariantGroup section */
		9F0771A82792C50A00CC61B1 /* Main.storyboard */ = {
			isa = PBXVariantGroup;
			children = (
				9F0771A92792C50A00CC61B1 /* Base */,
			);
			name = Main.storyboard;
			sourceTree = "<group>";
		};
		9F0771AD2792C50B00CC61B1 /* LaunchScreen.storyboard */ = {
			isa = PBXVariantGroup;
			children = (
				9F0771AE2792C50B00CC61B1 /* Base */,
			);
			name = LaunchScreen.storyboard;
			sourceTree = "<group>";
		};
/* End PBXVariantGroup section */

/* Begin XCBuildConfiguration section */
		9F0771C72792C50C00CC61B1 /* Debug */ = {
			isa = XCBuildConfiguration;
			buildSettings = {
				ALWAYS_SEARCH_USER_PATHS = NO;
				CLANG_ANALYZER_NONNULL = YES;
				CLANG_ANALYZER_NUMBER_OBJECT_CONVERSION = YES_AGGRESSIVE;
				CLANG_CXX_LANGUAGE_STANDARD = "gnu++14";
				CLANG_CXX_LIBRARY = "libc++";
				CLANG_ENABLE_MODULES = YES;
				CLANG_ENABLE_OBJC_ARC = YES;
				CLANG_ENABLE_OBJC_WEAK = YES;
				CLANG_WARN_BLOCK_CAPTURE_AUTORELEASING = YES;
				CLANG_WARN_BOOL_CONVERSION = YES;
				CLANG_WARN_COMMA = YES;
				CLANG_WARN_CONSTANT_CONVERSION = YES;
				CLANG_WARN_DEPRECATED_OBJC_IMPLEMENTATIONS = YES;
				CLANG_WARN_DIRECT_OBJC_ISA_USAGE = YES_ERROR;
				CLANG_WARN_DOCUMENTATION_COMMENTS = YES;
				CLANG_WARN_EMPTY_BODY = YES;
				CLANG_WARN_ENUM_CONVERSION = YES;
				CLANG_WARN_INFINITE_RECURSION = YES;
				CLANG_WARN_INT_CONVERSION = YES;
				CLANG_WARN_NON_LITERAL_NULL_CONVERSION = YES;
				CLANG_WARN_OBJC_IMPLICIT_RETAIN_SELF = YES;
				CLANG_WARN_OBJC_LITERAL_CONVERSION = YES;
				CLANG_WARN_OBJC_ROOT_CLASS = YES_ERROR;
				CLANG_WARN_QUOTED_INCLUDE_IN_FRAMEWORK_HEADER = YES;
				CLANG_WARN_RANGE_LOOP_ANALYSIS = YES;
				CLANG_WARN_STRICT_PROTOTYPES = YES;
				CLANG_WARN_SUSPICIOUS_MOVE = YES;
				CLANG_WARN_UNGUARDED_AVAILABILITY = YES_AGGRESSIVE;
				CLANG_WARN_UNREACHABLE_CODE = YES;
				CLANG_WARN__DUPLICATE_METHOD_MATCH = YES;
				COPY_PHASE_STRIP = NO;
				DEBUG_INFORMATION_FORMAT = dwarf;
				ENABLE_STRICT_OBJC_MSGSEND = YES;
				ENABLE_TESTABILITY = YES;
				GCC_C_LANGUAGE_STANDARD = gnu11;
				GCC_DYNAMIC_NO_PIC = NO;
				GCC_NO_COMMON_BLOCKS = YES;
				GCC_OPTIMIZATION_LEVEL = 0;
				GCC_PREPROCESSOR_DEFINITIONS = (
					"DEBUG=1",
					"$(inherited)",
				);
				GCC_WARN_64_TO_32_BIT_CONVERSION = YES;
				GCC_WARN_ABOUT_RETURN_TYPE = YES_ERROR;
				GCC_WARN_UNDECLARED_SELECTOR = YES;
				GCC_WARN_UNINITIALIZED_AUTOS = YES_AGGRESSIVE;
				GCC_WARN_UNUSED_FUNCTION = YES;
				GCC_WARN_UNUSED_VARIABLE = YES;
				IPHONEOS_DEPLOYMENT_TARGET = 14.5;
				MTL_ENABLE_DEBUG_INFO = INCLUDE_SOURCE;
				MTL_FAST_MATH = YES;
				ONLY_ACTIVE_ARCH = YES;
				SDKROOT = iphoneos;
				SWIFT_ACTIVE_COMPILATION_CONDITIONS = DEBUG;
				SWIFT_OPTIMIZATION_LEVEL = "-Onone";
			};
			name = Debug;
		};
		9F0771C82792C50C00CC61B1 /* Release */ = {
			isa = XCBuildConfiguration;
			buildSettings = {
				ALWAYS_SEARCH_USER_PATHS = NO;
				CLANG_ANALYZER_NONNULL = YES;
				CLANG_ANALYZER_NUMBER_OBJECT_CONVERSION = YES_AGGRESSIVE;
				CLANG_CXX_LANGUAGE_STANDARD = "gnu++14";
				CLANG_CXX_LIBRARY = "libc++";
				CLANG_ENABLE_MODULES = YES;
				CLANG_ENABLE_OBJC_ARC = YES;
				CLANG_ENABLE_OBJC_WEAK = YES;
				CLANG_WARN_BLOCK_CAPTURE_AUTORELEASING = YES;
				CLANG_WARN_BOOL_CONVERSION = YES;
				CLANG_WARN_COMMA = YES;
				CLANG_WARN_CONSTANT_CONVERSION = YES;
				CLANG_WARN_DEPRECATED_OBJC_IMPLEMENTATIONS = YES;
				CLANG_WARN_DIRECT_OBJC_ISA_USAGE = YES_ERROR;
				CLANG_WARN_DOCUMENTATION_COMMENTS = YES;
				CLANG_WARN_EMPTY_BODY = YES;
				CLANG_WARN_ENUM_CONVERSION = YES;
				CLANG_WARN_INFINITE_RECURSION = YES;
				CLANG_WARN_INT_CONVERSION = YES;
				CLANG_WARN_NON_LITERAL_NULL_CONVERSION = YES;
				CLANG_WARN_OBJC_IMPLICIT_RETAIN_SELF = YES;
				CLANG_WARN_OBJC_LITERAL_CONVERSION = YES;
				CLANG_WARN_OBJC_ROOT_CLASS = YES_ERROR;
				CLANG_WARN_QUOTED_INCLUDE_IN_FRAMEWORK_HEADER = YES;
				CLANG_WARN_RANGE_LOOP_ANALYSIS = YES;
				CLANG_WARN_STRICT_PROTOTYPES = YES;
				CLANG_WARN_SUSPICIOUS_MOVE = YES;
				CLANG_WARN_UNGUARDED_AVAILABILITY = YES_AGGRESSIVE;
				CLANG_WARN_UNREACHABLE_CODE = YES;
				CLANG_WARN__DUPLICATE_METHOD_MATCH = YES;
				COPY_PHASE_STRIP = NO;
				DEBUG_INFORMATION_FORMAT = "dwarf-with-dsym";
				ENABLE_NS_ASSERTIONS = NO;
				ENABLE_STRICT_OBJC_MSGSEND = YES;
				GCC_C_LANGUAGE_STANDARD = gnu11;
				GCC_NO_COMMON_BLOCKS = YES;
				GCC_WARN_64_TO_32_BIT_CONVERSION = YES;
				GCC_WARN_ABOUT_RETURN_TYPE = YES_ERROR;
				GCC_WARN_UNDECLARED_SELECTOR = YES;
				GCC_WARN_UNINITIALIZED_AUTOS = YES_AGGRESSIVE;
				GCC_WARN_UNUSED_FUNCTION = YES;
				GCC_WARN_UNUSED_VARIABLE = YES;
				IPHONEOS_DEPLOYMENT_TARGET = 14.5;
				MTL_ENABLE_DEBUG_INFO = NO;
				MTL_FAST_MATH = YES;
				SDKROOT = iphoneos;
				SWIFT_COMPILATION_MODE = wholemodule;
				SWIFT_OPTIMIZATION_LEVEL = "-O";
				VALIDATE_PRODUCT = YES;
			};
			name = Release;
		};
		9F0771CA2792C50C00CC61B1 /* Debug */ = {
			isa = XCBuildConfiguration;
			baseConfigurationReference = 03B53BCA11880B9CAD6C5065 /* Pods-otoklixSubmition.debug.xcconfig */;
			buildSettings = {
				ASSETCATALOG_COMPILER_APPICON_NAME = AppIcon;
				ASSETCATALOG_COMPILER_GLOBAL_ACCENT_COLOR_NAME = AccentColor;
				CODE_SIGN_STYLE = Automatic;
				DEVELOPMENT_TEAM = QNT26F7HW2;
				INFOPLIST_FILE = otoklixSubmition/Info.plist;
				LD_RUNPATH_SEARCH_PATHS = (
					"$(inherited)",
					"@executable_path/Frameworks",
				);
				PRODUCT_BUNDLE_IDENTIFIER = tech.xabdaz.user.otoklixSubmition;
				PRODUCT_NAME = "$(TARGET_NAME)";
				SWIFT_VERSION = 5.0;
				TARGETED_DEVICE_FAMILY = "1,2";
			};
			name = Debug;
		};
		9F0771CB2792C50C00CC61B1 /* Release */ = {
			isa = XCBuildConfiguration;
			baseConfigurationReference = C3ED351C4EEF27B22C161B58 /* Pods-otoklixSubmition.release.xcconfig */;
			buildSettings = {
				ASSETCATALOG_COMPILER_APPICON_NAME = AppIcon;
				ASSETCATALOG_COMPILER_GLOBAL_ACCENT_COLOR_NAME = AccentColor;
				CODE_SIGN_STYLE = Automatic;
				DEVELOPMENT_TEAM = QNT26F7HW2;
				INFOPLIST_FILE = otoklixSubmition/Info.plist;
				LD_RUNPATH_SEARCH_PATHS = (
					"$(inherited)",
					"@executable_path/Frameworks",
				);
				PRODUCT_BUNDLE_IDENTIFIER = tech.xabdaz.user.otoklixSubmition;
				PRODUCT_NAME = "$(TARGET_NAME)";
				SWIFT_VERSION = 5.0;
				TARGETED_DEVICE_FAMILY = "1,2";
			};
			name = Release;
		};
		9F0771CD2792C50C00CC61B1 /* Debug */ = {
			isa = XCBuildConfiguration;
			baseConfigurationReference = BAFCD7D976E4FCD0434F44D5 /* Pods-otoklixSubmitionTests.debug.xcconfig */;
			buildSettings = {
				ALWAYS_EMBED_SWIFT_STANDARD_LIBRARIES = YES;
				BUNDLE_LOADER = "$(TEST_HOST)";
				CODE_SIGN_STYLE = Automatic;
				DEVELOPMENT_TEAM = QNT26F7HW2;
				INFOPLIST_FILE = otoklixSubmitionTests/Info.plist;
				IPHONEOS_DEPLOYMENT_TARGET = 14.5;
				LD_RUNPATH_SEARCH_PATHS = (
					"$(inherited)",
					"@executable_path/Frameworks",
					"@loader_path/Frameworks",
				);
				PRODUCT_BUNDLE_IDENTIFIER = tech.xabdaz.user.otoklixSubmitionTests;
				PRODUCT_NAME = "$(TARGET_NAME)";
				SWIFT_VERSION = 5.0;
				TARGETED_DEVICE_FAMILY = "1,2";
				TEST_HOST = "$(BUILT_PRODUCTS_DIR)/otoklixSubmition.app/otoklixSubmition";
			};
			name = Debug;
		};
		9F0771CE2792C50C00CC61B1 /* Release */ = {
			isa = XCBuildConfiguration;
			baseConfigurationReference = 08007B0A422497F64367BB84 /* Pods-otoklixSubmitionTests.release.xcconfig */;
			buildSettings = {
				ALWAYS_EMBED_SWIFT_STANDARD_LIBRARIES = YES;
				BUNDLE_LOADER = "$(TEST_HOST)";
				CODE_SIGN_STYLE = Automatic;
				DEVELOPMENT_TEAM = QNT26F7HW2;
				INFOPLIST_FILE = otoklixSubmitionTests/Info.plist;
				IPHONEOS_DEPLOYMENT_TARGET = 14.5;
				LD_RUNPATH_SEARCH_PATHS = (
					"$(inherited)",
					"@executable_path/Frameworks",
					"@loader_path/Frameworks",
				);
				PRODUCT_BUNDLE_IDENTIFIER = tech.xabdaz.user.otoklixSubmitionTests;
				PRODUCT_NAME = "$(TARGET_NAME)";
				SWIFT_VERSION = 5.0;
				TARGETED_DEVICE_FAMILY = "1,2";
				TEST_HOST = "$(BUILT_PRODUCTS_DIR)/otoklixSubmition.app/otoklixSubmition";
			};
			name = Release;
		};
		9F0771D02792C50C00CC61B1 /* Debug */ = {
			isa = XCBuildConfiguration;
			baseConfigurationReference = 88859B8BA8503ECB935F156E /* Pods-otoklixSubmition-otoklixSubmitionUITests.debug.xcconfig */;
			buildSettings = {
				ALWAYS_EMBED_SWIFT_STANDARD_LIBRARIES = YES;
				CODE_SIGN_STYLE = Automatic;
				DEVELOPMENT_TEAM = QNT26F7HW2;
				INFOPLIST_FILE = otoklixSubmitionUITests/Info.plist;
				LD_RUNPATH_SEARCH_PATHS = (
					"$(inherited)",
					"@executable_path/Frameworks",
					"@loader_path/Frameworks",
				);
				PRODUCT_BUNDLE_IDENTIFIER = tech.xabdaz.user.otoklixSubmitionUITests;
				PRODUCT_NAME = "$(TARGET_NAME)";
				SWIFT_VERSION = 5.0;
				TARGETED_DEVICE_FAMILY = "1,2";
				TEST_TARGET_NAME = otoklixSubmition;
			};
			name = Debug;
		};
		9F0771D12792C50C00CC61B1 /* Release */ = {
			isa = XCBuildConfiguration;
			baseConfigurationReference = 6776D2EF04037375CF63327F /* Pods-otoklixSubmition-otoklixSubmitionUITests.release.xcconfig */;
			buildSettings = {
				ALWAYS_EMBED_SWIFT_STANDARD_LIBRARIES = YES;
				CODE_SIGN_STYLE = Automatic;
				DEVELOPMENT_TEAM = QNT26F7HW2;
				INFOPLIST_FILE = otoklixSubmitionUITests/Info.plist;
				LD_RUNPATH_SEARCH_PATHS = (
					"$(inherited)",
					"@executable_path/Frameworks",
					"@loader_path/Frameworks",
				);
				PRODUCT_BUNDLE_IDENTIFIER = tech.xabdaz.user.otoklixSubmitionUITests;
				PRODUCT_NAME = "$(TARGET_NAME)";
				SWIFT_VERSION = 5.0;
				TARGETED_DEVICE_FAMILY = "1,2";
				TEST_TARGET_NAME = otoklixSubmition;
			};
			name = Release;
		};
/* End XCBuildConfiguration section */

/* Begin XCConfigurationList section */
		9F07719A2792C50A00CC61B1 /* Build configuration list for PBXProject "otoklixSubmition" */ = {
			isa = XCConfigurationList;
			buildConfigurations = (
				9F0771C72792C50C00CC61B1 /* Debug */,
				9F0771C82792C50C00CC61B1 /* Release */,
			);
			defaultConfigurationIsVisible = 0;
			defaultConfigurationName = Release;
		};
		9F0771C92792C50C00CC61B1 /* Build configuration list for PBXNativeTarget "otoklixSubmition" */ = {
			isa = XCConfigurationList;
			buildConfigurations = (
				9F0771CA2792C50C00CC61B1 /* Debug */,
				9F0771CB2792C50C00CC61B1 /* Release */,
			);
			defaultConfigurationIsVisible = 0;
			defaultConfigurationName = Release;
		};
		9F0771CC2792C50C00CC61B1 /* Build configuration list for PBXNativeTarget "otoklixSubmitionTests" */ = {
			isa = XCConfigurationList;
			buildConfigurations = (
				9F0771CD2792C50C00CC61B1 /* Debug */,
				9F0771CE2792C50C00CC61B1 /* Release */,
			);
			defaultConfigurationIsVisible = 0;
			defaultConfigurationName = Release;
		};
		9F0771CF2792C50C00CC61B1 /* Build configuration list for PBXNativeTarget "otoklixSubmitionUITests" */ = {
			isa = XCConfigurationList;
			buildConfigurations = (
				9F0771D02792C50C00CC61B1 /* Debug */,
				9F0771D12792C50C00CC61B1 /* Release */,
			);
			defaultConfigurationIsVisible = 0;
			defaultConfigurationName = Release;
		};
/* End XCConfigurationList section */
	};
	rootObject = 9F0771972792C50A00CC61B1 /* Project object */;
}
